
Microsoft Visual Studio Solution File, Format Version 12.00
# Visual Studio Version 17
VisualStudioVersion = 17.10.35122.118
MinimumVisualStudioVersion = 10.0.40219.1
Project("{FAE04EC0-301F-11D3-BF4B-00C04F79EFBC}") = "Meditor", "Meditor\Meditor.csproj", "{F88296EC-3000-4317-836E-4C26FA5ACFAF}"
EndProject
Global
	GlobalSection(SolutionConfigurationPlatforms) = preSolution
		Debug|Any CPU = Debug|Any CPU
		Release|Any CPU = Release|Any CPU
	EndGlobalSection
	GlobalSection(ProjectConfigurationPlatforms) = postSolution
		{F88296EC-3000-4317-836E-4C26FA5ACFAF}.Debug|Any CPU.ActiveCfg = Debug|Any CPU
		{F88296EC-3000-4317-836E-4C26FA5ACFAF}.Debug|Any CPU.Build.0 = Debug|Any CPU
		{F88296EC-3000-4317-836E-4C26FA5ACFAF}.Release|Any CPU.ActiveCfg = Release|Any CPU
		{F88296EC-3000-4317-836E-4C26FA5ACFAF}.Release|Any CPU.Build.0 = Release|Any CPU
	EndGlobalSection
	GlobalSection(SolutionProperties) = preSolution
		HideSolutionNode = FALSE
	EndGlobalSection
	GlobalSection(ExtensibilityGlobals) = postSolution
		SolutionGuid = {F34825E8-5338-4CF8-84A4-066C5FEE925E}
	EndGlobalSection
EndGlobal
